
Microsoft Visual Studio Solution File, Format Version 12.00
# Visual Studio Version 16
VisualStudioVersion = 16.0.29306.81
MinimumVisualStudioVersion = 10.0.40219.1
Project("{FAE04EC0-301F-11D3-BF4B-00C04F79EFBC}") = "Backupper", "Backupper\Backupper.csproj", "{DC2C1168-CEB2-4F04-800A-2D3BBDD7798D}"
EndProject
Global
	GlobalSection(SolutionConfigurationPlatforms) = preSolution
		Debug|Any CPU = Debug|Any CPU
		Release|Any CPU = Release|Any CPU
	EndGlobalSection
	GlobalSection(ProjectConfigurationPlatforms) = postSolution
		{DC2C1168-CEB2-4F04-800A-2D3BBDD7798D}.Debug|Any CPU.ActiveCfg = Debug|Any CPU
		{DC2C1168-CEB2-4F04-800A-2D3BBDD7798D}.Debug|Any CPU.Build.0 = Debug|Any CPU
		{DC2C1168-CEB2-4F04-800A-2D3BBDD7798D}.Release|Any CPU.ActiveCfg = Release|Any CPU
		{DC2C1168-CEB2-4F04-800A-2D3BBDD7798D}.Release|Any CPU.Build.0 = Release|Any CPU
	EndGlobalSection
	GlobalSection(SolutionProperties) = preSolution
		HideSolutionNode = FALSE
	EndGlobalSection
	GlobalSection(ExtensibilityGlobals) = postSolution
		SolutionGuid = {7367B316-2DDA-4A3B-AF67-47C43B88A12C}
	EndGlobalSection
EndGlobal
